
Microsoft Visual Studio Solution File, Format Version 12.00
# Visual Studio Version 17
VisualStudioVersion = 17.11.35222.181
MinimumVisualStudioVersion = 10.0.40219.1
Project("{FAE04EC0-301F-11D3-BF4B-00C04F79EFBC}") = "IncidentReviewer", "IncidentReviewer\IncidentReviewer.csproj", "{6F79F966-EE27-4E82-A2D3-CAF39D48EFDA}"
EndProject
Global
	GlobalSection(SolutionConfigurationPlatforms) = preSolution
		Debug|Any CPU = Debug|Any CPU
		Release|Any CPU = Release|Any CPU
	EndGlobalSection
	GlobalSection(ProjectConfigurationPlatforms) = postSolution
		{6F79F966-EE27-4E82-A2D3-CAF39D48EFDA}.Debug|Any CPU.ActiveCfg = Debug|Any CPU
		{6F79F966-EE27-4E82-A2D3-CAF39D48EFDA}.Debug|Any CPU.Build.0 = Debug|Any CPU
		{6F79F966-EE27-4E82-A2D3-CAF39D48EFDA}.Release|Any CPU.ActiveCfg = Release|Any CPU
		{6F79F966-EE27-4E82-A2D3-CAF39D48EFDA}.Release|Any CPU.Build.0 = Release|Any CPU
	EndGlobalSection
	GlobalSection(SolutionProperties) = preSolution
		HideSolutionNode = FALSE
	EndGlobalSection
	GlobalSection(ExtensibilityGlobals) = postSolution
		SolutionGuid = {C268A576-3E6C-4311-9904-B3AF4E43091A}
	EndGlobalSection
EndGlobal
